{
  "name": "execution-set-up",
  "lockfileVersion": 3,
  "requires": true,
  "packages": {
    "": {
      "dependencies": {
        "to-execution": "^0.5.2"
      }
    },
    "node_modules/to-execution": {
      "version": "0.5.2",
      "resolved": "https://registry.npmjs.org/to-execution/-/to-execution-0.5.2.tgz",
      "integrity": "sha512-wxq4++GYedDLdzHicRFZl4kClUITeS/xA+PXSLAHHJ+kl7m024d0+memW6oBHsd058ldB8d1Wy/UJ/EWgo1+Ow==",
      "license": "MIT",
      "bin": {
        "to-execution": "bin/cli.js"
      },
      "engines": {
        "node": ">=18"
      }
    }
  }
}
